
Microsoft Visual Studio Solution File, Format Version 12.00
# Visual Studio Version 17
VisualStudioVersion = 17.12.35527.113
MinimumVisualStudioVersion = 10.0.40219.1
Project("{FAE04EC0-301F-11D3-BF4B-00C04F79EFBC}") = "TaskService", "TaskService\TaskService.csproj", "{1C8B3C5B-E4D7-4895-9652-37B2ED38CFB3}"
EndProject
Project("{FAE04EC0-301F-11D3-BF4B-00C04F79EFBC}") = "tests", "tests\tests.csproj", "{8CA7AD62-72FC-469E-A5FD-99FE7700E18D}"
EndProject
Global
	GlobalSection(SolutionConfigurationPlatforms) = preSolution
		Debug|Any CPU = Debug|Any CPU
		Release|Any CPU = Release|Any CPU
	EndGlobalSection
	GlobalSection(ProjectConfigurationPlatforms) = postSolution
		{1C8B3C5B-E4D7-4895-9652-37B2ED38CFB3}.Debug|Any CPU.ActiveCfg = Debug|Any CPU
		{1C8B3C5B-E4D7-4895-9652-37B2ED38CFB3}.Debug|Any CPU.Build.0 = Debug|Any CPU
		{1C8B3C5B-E4D7-4895-9652-37B2ED38CFB3}.Release|Any CPU.ActiveCfg = Release|Any CPU
		{1C8B3C5B-E4D7-4895-9652-37B2ED38CFB3}.Release|Any CPU.Build.0 = Release|Any CPU
		{8CA7AD62-72FC-469E-A5FD-99FE7700E18D}.Debug|Any CPU.ActiveCfg = Debug|Any CPU
		{8CA7AD62-72FC-469E-A5FD-99FE7700E18D}.Debug|Any CPU.Build.0 = Debug|Any CPU
		{8CA7AD62-72FC-469E-A5FD-99FE7700E18D}.Release|Any CPU.ActiveCfg = Release|Any CPU
		{8CA7AD62-72FC-469E-A5FD-99FE7700E18D}.Release|Any CPU.Build.0 = Release|Any CPU
	EndGlobalSection
	GlobalSection(SolutionProperties) = preSolution
		HideSolutionNode = FALSE
	EndGlobalSection
EndGlobal
